
Microsoft Visual Studio Solution File, Format Version 12.00
# Visual Studio Version 17
VisualStudioVersion = 17.7.34221.43
MinimumVisualStudioVersion = 10.0.40219.1
Project("{FAE04EC0-301F-11D3-BF4B-00C04F79EFBC}") = "DonemProjesi", "DonemProjesi\DonemProjesi.csproj", "{26C2AE0D-6BA4-4ABD-B4A0-81A636FB2F29}"
EndProject
Global
	GlobalSection(SolutionConfigurationPlatforms) = preSolution
		Debug|Any CPU = Debug|Any CPU
		Release|Any CPU = Release|Any CPU
	EndGlobalSection
	GlobalSection(ProjectConfigurationPlatforms) = postSolution
		{26C2AE0D-6BA4-4ABD-B4A0-81A636FB2F29}.Debug|Any CPU.ActiveCfg = Debug|Any CPU
		{26C2AE0D-6BA4-4ABD-B4A0-81A636FB2F29}.Debug|Any CPU.Build.0 = Debug|Any CPU
		{26C2AE0D-6BA4-4ABD-B4A0-81A636FB2F29}.Release|Any CPU.ActiveCfg = Release|Any CPU
		{26C2AE0D-6BA4-4ABD-B4A0-81A636FB2F29}.Release|Any CPU.Build.0 = Release|Any CPU
	EndGlobalSection
	GlobalSection(SolutionProperties) = preSolution
		HideSolutionNode = FALSE
	EndGlobalSection
	GlobalSection(ExtensibilityGlobals) = postSolution
		SolutionGuid = {8071F3CB-B107-449D-BF61-3898ED172CD1}
	EndGlobalSection
EndGlobal
